// !$*UTF8*$!
{
	archiveVersion = 1;
	classes = {
	};
	objectVersion = 46;
	objects = {

/* Begin PBXBuildFile section */
		07046C99194AC7FD004A6D38 /* TPBaseVC.m in Sources */ = {isa = PBXBuildFile; fileRef = 07046C98194AC7FD004A6D38 /* TPBaseVC.m */; };
		07046C9C194AC89C004A6D38 /* MBProgressHUD.m in Sources */ = {isa = PBXBuildFile; fileRef = 07046C9B194AC89C004A6D38 /* MBProgressHUD.m */; };
		07046CA0194ACA37004A6D38 /* TPThemeManager.m in Sources */ = {isa = PBXBuildFile; fileRef = 07046C9F194ACA37004A6D38 /* TPThemeManager.m */; };
		07046CA3194ACA52004A6D38 /* TPDataManager.m in Sources */ = {isa = PBXBuildFile; fileRef = 07046CA2194ACA52004A6D38 /* TPDataManager.m */; };
		07046CA7194ACA7C004A6D38 /* UINavigationItem+Additions.m in Sources */ = {isa = PBXBuildFile; fileRef = 07046CA6194ACA7C004A6D38 /* UINavigationItem+Additions.m */; };
		07046CB5194ACD7E004A6D38 /* Lato-Black.ttf in Resources */ = {isa = PBXBuildFile; fileRef = 07046CAA194ACD7E004A6D38 /* Lato-Black.ttf */; };
		07046CB6194ACD7E004A6D38 /* Lato-BlackItalic.ttf in Resources */ = {isa = PBXBuildFile; fileRef = 07046CAB194ACD7E004A6D38 /* Lato-BlackItalic.ttf */; };
		07046CB7194ACD7E004A6D38 /* Lato-Bold.ttf in Resources */ = {isa = PBXBuildFile; fileRef = 07046CAC194ACD7E004A6D38 /* Lato-Bold.ttf */; };
		07046CB8194ACD7E004A6D38 /* Lato-BoldItalic.ttf in Resources */ = {isa = PBXBuildFile; fileRef = 07046CAD194ACD7E004A6D38 /* Lato-BoldItalic.ttf */; };
		07046CB9194ACD7E004A6D38 /* Lato-Hairline.ttf in Resources */ = {isa = PBXBuildFile; fileRef = 07046CAE194ACD7E004A6D38 /* Lato-Hairline.ttf */; };
		07046CBA194ACD7E004A6D38 /* Lato-HairlineItalic.ttf in Resources */ = {isa = PBXBuildFile; fileRef = 07046CAF194ACD7E004A6D38 /* Lato-HairlineItalic.ttf */; };
		07046CBB194ACD7E004A6D38 /* Lato-Italic.ttf in Resources */ = {isa = PBXBuildFile; fileRef = 07046CB0194ACD7E004A6D38 /* Lato-Italic.ttf */; };
		07046CBC194ACD7E004A6D38 /* Lato-Light.ttf in Resources */ = {isa = PBXBuildFile; fileRef = 07046CB1194ACD7E004A6D38 /* Lato-Light.ttf */; };
		07046CBD194ACD7E004A6D38 /* Lato-LightItalic.ttf in Resources */ = {isa = PBXBuildFile; fileRef = 07046CB2194ACD7E004A6D38 /* Lato-LightItalic.ttf */; };
		07046CBE194ACD7E004A6D38 /* Lato-Regular.ttf in Resources */ = {isa = PBXBuildFile; fileRef = 07046CB3194ACD7E004A6D38 /* Lato-Regular.ttf */; };
		07046CBF194ACD7E004A6D38 /* OFL.txt in Resources */ = {isa = PBXBuildFile; fileRef = 07046CB4194ACD7E004A6D38 /* OFL.txt */; };
		07046CC1194ACD8B004A6D38 /* Strait-Regular.ttf in Resources */ = {isa = PBXBuildFile; fileRef = 07046CC0194ACD8B004A6D38 /* Strait-Regular.ttf */; };
		07046CC4194AD0DE004A6D38 /* UIColor+Additions.m in Sources */ = {isa = PBXBuildFile; fileRef = 07046CC3194AD0DE004A6D38 /* UIColor+Additions.m */; };
		07046CC7194AD280004A6D38 /* TPLeftMenuVC.m in Sources */ = {isa = PBXBuildFile; fileRef = 07046CC6194AD280004A6D38 /* TPLeftMenuVC.m */; };
		0704970F195170B4007CC681 /* JBBarChartView.m in Sources */ = {isa = PBXBuildFile; fileRef = 0704970A195170B4007CC681 /* JBBarChartView.m */; };
		07049710195170B4007CC681 /* JBChartView.m in Sources */ = {isa = PBXBuildFile; fileRef = 0704970C195170B4007CC681 /* JBChartView.m */; };
		07049711195170B4007CC681 /* JBLineChartView.m in Sources */ = {isa = PBXBuildFile; fileRef = 0704970E195170B4007CC681 /* JBLineChartView.m */; };
		070497161951916D007CC681 /* JBChartTooltipTipView.m in Sources */ = {isa = PBXBuildFile; fileRef = 070497131951916D007CC681 /* JBChartTooltipTipView.m */; };
		070497171951916D007CC681 /* JBChartTooltipView.m in Sources */ = {isa = PBXBuildFile; fileRef = 070497151951916D007CC681 /* JBChartTooltipView.m */; };
		0704971A1951B4FC007CC681 /* JBLineChartFooterView.m in Sources */ = {isa = PBXBuildFile; fileRef = 070497191951B4FC007CC681 /* JBLineChartFooterView.m */; };
		0704971E1951BA04007CC681 /* NSArray+Additions.m in Sources */ = {isa = PBXBuildFile; fileRef = 0704971D1951BA04007CC681 /* NSArray+Additions.m */; };
		070497261951E3D2007CC681 /* TPSettingsVC.m in Sources */ = {isa = PBXBuildFile; fileRef = 070497251951E3D2007CC681 /* TPSettingsVC.m */; };
		07363A17194A138E00FFEF34 /* SWRevealViewController.m in Sources */ = {isa = PBXBuildFile; fileRef = 07363A16194A138E00FFEF34 /* SWRevealViewController.m */; };
		0739D4EC194AD7EB0011E1AC /* TPMenuCell.m in Sources */ = {isa = PBXBuildFile; fileRef = 0739D4EB194AD7EB0011E1AC /* TPMenuCell.m */; };
		0739D4F0194AD8930011E1AC /* TPProgressVC.m in Sources */ = {isa = PBXBuildFile; fileRef = 0739D4EF194AD8930011E1AC /* TPProgressVC.m */; };
		0739D4F4194AD96D0011E1AC /* TPMeasureVC.m in Sources */ = {isa = PBXBuildFile; fileRef = 0739D4F3194AD96D0011E1AC /* TPMeasureVC.m */; };
		075D42C619629BAD00C0CF78 /* TPAboutVC.m in Sources */ = {isa = PBXBuildFile; fileRef = 075D42C519629BAD00C0CF78 /* TPAboutVC.m */; };
		075D42CA1962C9D500C0CF78 /* RotatedUILabel.m in Sources */ = {isa = PBXBuildFile; fileRef = 075D42C91962C9D500C0CF78 /* RotatedUILabel.m */; };
		075D42CD1962E6F100C0CF78 /* TPEditProfileVC.m in Sources */ = {isa = PBXBuildFile; fileRef = 075D42CC1962E6F100C0CF78 /* TPEditProfileVC.m */; };
		075D42D11962F07C00C0CF78 /* EditNameView.m in Sources */ = {isa = PBXBuildFile; fileRef = 075D42D01962F07C00C0CF78 /* EditNameView.m */; };
		075D42D41962F09400C0CF78 /* EditBirthdayView.m in Sources */ = {isa = PBXBuildFile; fileRef = 075D42D31962F09400C0CF78 /* EditBirthdayView.m */; };
		075D42D71962F0A100C0CF78 /* EditHeightView.m in Sources */ = {isa = PBXBuildFile; fileRef = 075D42D61962F0A100C0CF78 /* EditHeightView.m */; };
		075D42DA1962F0B100C0CF78 /* EditWeightView.m in Sources */ = {isa = PBXBuildFile; fileRef = 075D42D91962F0B100C0CF78 /* EditWeightView.m */; };
		075D42DD1962F0C300C0CF78 /* EditGenderView.m in Sources */ = {isa = PBXBuildFile; fileRef = 075D42DC1962F0C300C0CF78 /* EditGenderView.m */; };
		076C9231194B2ACA00F3A2A9 /* TPSummaryCell.m in Sources */ = {isa = PBXBuildFile; fileRef = 076C9230194B2ACA00F3A2A9 /* TPSummaryCell.m */; };
		0780D22C19654CAF00290105 /* TPSettingsUnitCell.m in Sources */ = {isa = PBXBuildFile; fileRef = 0780D22B19654CAF00290105 /* TPSettingsUnitCell.m */; };
		078FFBBF194EC5C7008BFFF9 /* TPMeasureInputVC.m in Sources */ = {isa = PBXBuildFile; fileRef = 078FFBBE194EC5C7008BFFF9 /* TPMeasureInputVC.m */; };
		078FFBC2194EF3FD008BFFF9 /* NSString+Additions.m in Sources */ = {isa = PBXBuildFile; fileRef = 078FFBC1194EF3FD008BFFF9 /* NSString+Additions.m */; };
		079216BA1950289B005D7A09 /* TPProfileVC.m in Sources */ = {isa = PBXBuildFile; fileRef = 079216B91950289B005D7A09 /* TPProfileVC.m */; };
		079216BD195028E0005D7A09 /* TPProfileManager.m in Sources */ = {isa = PBXBuildFile; fileRef = 079216BC195028E0005D7A09 /* TPProfileManager.m */; };
		079216C0195039AE005D7A09 /* TPProfileCell.m in Sources */ = {isa = PBXBuildFile; fileRef = 079216BF195039AE005D7A09 /* TPProfileCell.m */; };
		079216C319503B8E005D7A09 /* TPUserProfile.m in Sources */ = {isa = PBXBuildFile; fileRef = 079216C219503B8E005D7A09 /* TPUserProfile.m */; };
		07A52A3B19546B9B007D0DA2 /* TPLoginVC.m in Sources */ = {isa = PBXBuildFile; fileRef = 07A52A3A19546B9B007D0DA2 /* TPLoginVC.m */; };
		07A6417A194B021000F75BBA /* UIImage+Additions.m in Sources */ = {isa = PBXBuildFile; fileRef = 07A64179194B021000F75BBA /* UIImage+Additions.m */; };
		07A6417D194B099800F75BBA /* TPMeasureCell.m in Sources */ = {isa = PBXBuildFile; fileRef = 07A6417C194B099800F75BBA /* TPMeasureCell.m */; };
		07A64180194B1A8F00F75BBA /* TPSummaryVC.m in Sources */ = {isa = PBXBuildFile; fileRef = 07A6417F194B1A8F00F75BBA /* TPSummaryVC.m */; };
		07DF0B25194B3C3100FE76FA /* TPLiveMeasureVC.m in Sources */ = {isa = PBXBuildFile; fileRef = 07DF0B24194B3C3100FE76FA /* TPLiveMeasureVC.m */; };
		07DF0B28194B40F200FE76FA /* UIButton+Additions.m in Sources */ = {isa = PBXBuildFile; fileRef = 07DF0B27194B40F200FE76FA /* UIButton+Additions.m */; };
		07EB51CC194A0EAA0031150D /* Foundation.framework in Frameworks */ = {isa = PBXBuildFile; fileRef = 07EB51CB194A0EAA0031150D /* Foundation.framework */; };
		07EB51CE194A0EAA0031150D /* CoreGraphics.framework in Frameworks */ = {isa = PBXBuildFile; fileRef = 07EB51CD194A0EAA0031150D /* CoreGraphics.framework */; };
		07EB51D0194A0EAA0031150D /* UIKit.framework in Frameworks */ = {isa = PBXBuildFile; fileRef = 07EB51CF194A0EAA0031150D /* UIKit.framework */; };
		07EB51D6194A0EAA0031150D /* InfoPlist.strings in Resources */ = {isa = PBXBuildFile; fileRef = 07EB51D4194A0EAA0031150D /* InfoPlist.strings */; };
		07EB51D8194A0EAA0031150D /* main.m in Sources */ = {isa = PBXBuildFile; fileRef = 07EB51D7194A0EAA0031150D /* main.m */; };
		07EB51DC194A0EAA0031150D /* TPAppDelegate.m in Sources */ = {isa = PBXBuildFile; fileRef = 07EB51DB194A0EAA0031150D /* TPAppDelegate.m */; };
		07EB51DF194A0EAA0031150D /* Main.storyboard in Resources */ = {isa = PBXBuildFile; fileRef = 07EB51DD194A0EAA0031150D /* Main.storyboard */; };
		07EB51E4194A0EAA0031150D /* Images.xcassets in Resources */ = {isa = PBXBuildFile; fileRef = 07EB51E3194A0EAA0031150D /* Images.xcassets */; };
		07EB51EB194A0EAA0031150D /* XCTest.framework in Frameworks */ = {isa = PBXBuildFile; fileRef = 07EB51EA194A0EAA0031150D /* XCTest.framework */; };
		07EB51EC194A0EAA0031150D /* Foundation.framework in Frameworks */ = {isa = PBXBuildFile; fileRef = 07EB51CB194A0EAA0031150D /* Foundation.framework */; };
		07EB51ED194A0EAA0031150D /* UIKit.framework in Frameworks */ = {isa = PBXBuildFile; fileRef = 07EB51CF194A0EAA0031150D /* UIKit.framework */; };
		07EB51F5194A0EAA0031150D /* InfoPlist.strings in Resources */ = {isa = PBXBuildFile; fileRef = 07EB51F3194A0EAA0031150D /* InfoPlist.strings */; };
		07EB51F7194A0EAA0031150D /* taprTests.m in Sources */ = {isa = PBXBuildFile; fileRef = 07EB51F6194A0EAA0031150D /* taprTests.m */; };
		07FCD68319631D9400CFBB75 /* TPPrivacyVC.m in Sources */ = {isa = PBXBuildFile; fileRef = 07FCD68219631D9400CFBB75 /* TPPrivacyVC.m */; };
		07FCD68619631DB000CFBB75 /* TPToolsVC.m in Sources */ = {isa = PBXBuildFile; fileRef = 07FCD68519631DB000CFBB75 /* TPToolsVC.m */; };
		43E5BCC0195238530078AD6D /* WZBluetoothManager.m in Sources */ = {isa = PBXBuildFile; fileRef = 43E5BCBF195238530078AD6D /* WZBluetoothManager.m */; };
		43E5BCC219532B900078AD6D /* CoreBluetooth.framework in Frameworks */ = {isa = PBXBuildFile; fileRef = 43E5BCC119532B900078AD6D /* CoreBluetooth.framework */; };
/* End PBXBuildFile section */

/* Begin PBXContainerItemProxy section */
		07EB51EE194A0EAA0031150D /* PBXContainerItemProxy */ = {
			isa = PBXContainerItemProxy;
			containerPortal = 07EB51C0194A0EAA0031150D /* Project object */;
			proxyType = 1;
			remoteGlobalIDString = 07EB51C7194A0EAA0031150D;
			remoteInfo = tapr;
		};
/* End PBXContainerItemProxy section */

/* Begin PBXFileReference section */
		07046C97194AC7FD004A6D38 /* TPBaseVC.h */ = {isa = PBXFileReference; fileEncoding = 4; lastKnownFileType = sourcecode.c.h; path = TPBaseVC.h; sourceTree = "<group>"; };
		07046C98194AC7FD004A6D38 /* TPBaseVC.m */ = {isa = PBXFileReference; fileEncoding = 4; lastKnownFileType = sourcecode.c.objc; path = TPBaseVC.m; sourceTree = "<group>"; };
		07046C9A194AC89C004A6D38 /* MBProgressHUD.h */ = {isa = PBXFileReference; fileEncoding = 4; lastKnownFileType = sourcecode.c.h; path = MBProgressHUD.h; sourceTree = "<group>"; };
		07046C9B194AC89C004A6D38 /* MBProgressHUD.m */ = {isa = PBXFileReference; fileEncoding = 4; lastKnownFileType = sourcecode.c.objc; path = MBProgressHUD.m; sourceTree = "<group>"; };
		07046C9E194ACA37004A6D38 /* TPThemeManager.h */ = {isa = PBXFileReference; fileEncoding = 4; lastKnownFileType = sourcecode.c.h; path = TPThemeManager.h; sourceTree = "<group>"; };
		07046C9F194ACA37004A6D38 /* TPThemeManager.m */ = {isa = PBXFileReference; fileEncoding = 4; lastKnownFileType = sourcecode.c.objc; path = TPThemeManager.m; sourceTree = "<group>"; };
		07046CA1194ACA52004A6D38 /* TPDataManager.h */ = {isa = PBXFileReference; fileEncoding = 4; lastKnownFileType = sourcecode.c.h; path = TPDataManager.h; sourceTree = "<group>"; };
		07046CA2194ACA52004A6D38 /* TPDataManager.m */ = {isa = PBXFileReference; fileEncoding = 4; lastKnownFileType = sourcecode.c.objc; path = TPDataManager.m; sourceTree = "<group>"; };
		07046CA5194ACA7C004A6D38 /* UINavigationItem+Additions.h */ = {isa = PBXFileReference; fileEncoding = 4; lastKnownFileType = sourcecode.c.h; path = "UINavigationItem+Additions.h"; sourceTree = "<group>"; };
		07046CA6194ACA7C004A6D38 /* UINavigationItem+Additions.m */ = {isa = PBXFileReference; fileEncoding = 4; lastKnownFileType = sourcecode.c.objc; path = "UINavigationItem+Additions.m"; sourceTree = "<group>"; };
		07046CA8194ACA9D004A6D38 /* Utils.h */ = {isa = PBXFileReference; lastKnownFileType = sourcecode.c.h; path = Utils.h; sourceTree = "<group>"; };
		07046CAA194ACD7E004A6D38 /* Lato-Black.ttf */ = {isa = PBXFileReference; lastKnownFileType = file; path = "Lato-Black.ttf"; sourceTree = "<group>"; };
		07046CAB194ACD7E004A6D38 /* Lato-BlackItalic.ttf */ = {isa = PBXFileReference; lastKnownFileType = file; path = "Lato-BlackItalic.ttf"; sourceTree = "<group>"; };
		07046CAC194ACD7E004A6D38 /* Lato-Bold.ttf */ = {isa = PBXFileReference; lastKnownFileType = file; path = "Lato-Bold.ttf"; sourceTree = "<group>"; };
		07046CAD194ACD7E004A6D38 /* Lato-BoldItalic.ttf */ = {isa = PBXFileReference; lastKnownFileType = file; path = "Lato-BoldItalic.ttf"; sourceTree = "<group>"; };
		07046CAE194ACD7E004A6D38 /* Lato-Hairline.ttf */ = {isa = PBXFileReference; lastKnownFileType = file; path = "Lato-Hairline.ttf"; sourceTree = "<group>"; };
		07046CAF194ACD7E004A6D38 /* Lato-HairlineItalic.ttf */ = {isa = PBXFileReference; lastKnownFileType = file; path = "Lato-HairlineItalic.ttf"; sourceTree = "<group>"; };
		07046CB0194ACD7E004A6D38 /* Lato-Italic.ttf */ = {isa = PBXFileReference; lastKnownFileType = file; path = "Lato-Italic.ttf"; sourceTree = "<group>"; };
		07046CB1194ACD7E004A6D38 /* Lato-Light.ttf */ = {isa = PBXFileReference; lastKnownFileType = file; path = "Lato-Light.ttf"; sourceTree = "<group>"; };
		07046CB2194ACD7E004A6D38 /* Lato-LightItalic.ttf */ = {isa = PBXFileReference; lastKnownFileType = file; path = "Lato-LightItalic.ttf"; sourceTree = "<group>"; };
		07046CB3194ACD7E004A6D38 /* Lato-Regular.ttf */ = {isa = PBXFileReference; lastKnownFileType = file; path = "Lato-Regular.ttf"; sourceTree = "<group>"; };
		07046CB4194ACD7E004A6D38 /* OFL.txt */ = {isa = PBXFileReference; fileEncoding = 4; lastKnownFileType = text; path = OFL.txt; sourceTree = "<group>"; };
		07046CC0194ACD8B004A6D38 /* Strait-Regular.ttf */ = {isa = PBXFileReference; lastKnownFileType = file; path = "Strait-Regular.ttf"; sourceTree = "<group>"; };
		07046CC2194AD0DE004A6D38 /* UIColor+Additions.h */ = {isa = PBXFileReference; fileEncoding = 4; lastKnownFileType = sourcecode.c.h; path = "UIColor+Additions.h"; sourceTree = "<group>"; };
		07046CC3194AD0DE004A6D38 /* UIColor+Additions.m */ = {isa = PBXFileReference; fileEncoding = 4; lastKnownFileType = sourcecode.c.objc; path = "UIColor+Additions.m"; sourceTree = "<group>"; };
		07046CC5194AD280004A6D38 /* TPLeftMenuVC.h */ = {isa = PBXFileReference; fileEncoding = 4; lastKnownFileType = sourcecode.c.h; path = TPLeftMenuVC.h; sourceTree = "<group>"; };
		07046CC6194AD280004A6D38 /* TPLeftMenuVC.m */ = {isa = PBXFileReference; fileEncoding = 4; lastKnownFileType = sourcecode.c.objc; path = TPLeftMenuVC.m; sourceTree = "<group>"; };
		07049709195170B4007CC681 /* JBBarChartView.h */ = {isa = PBXFileReference; fileEncoding = 4; lastKnownFileType = sourcecode.c.h; path = JBBarChartView.h; sourceTree = "<group>"; };
		0704970A195170B4007CC681 /* JBBarChartView.m */ = {isa = PBXFileReference; fileEncoding = 4; lastKnownFileType = sourcecode.c.objc; path = JBBarChartView.m; sourceTree = "<group>"; };
		0704970B195170B4007CC681 /* JBChartView.h */ = {isa = PBXFileReference; fileEncoding = 4; lastKnownFileType = sourcecode.c.h; path = JBChartView.h; sourceTree = "<group>"; };
		0704970C195170B4007CC681 /* JBChartView.m */ = {isa = PBXFileReference; fileEncoding = 4; lastKnownFileType = sourcecode.c.objc; path = JBChartView.m; sourceTree = "<group>"; };
		0704970D195170B4007CC681 /* JBLineChartView.h */ = {isa = PBXFileReference; fileEncoding = 4; lastKnownFileType = sourcecode.c.h; path = JBLineChartView.h; sourceTree = "<group>"; };
		0704970E195170B4007CC681 /* JBLineChartView.m */ = {isa = PBXFileReference; fileEncoding = 4; lastKnownFileType = sourcecode.c.objc; path = JBLineChartView.m; sourceTree = "<group>"; };
		070497121951916D007CC681 /* JBChartTooltipTipView.h */ = {isa = PBXFileReference; fileEncoding = 4; lastKnownFileType = sourcecode.c.h; path = JBChartTooltipTipView.h; sourceTree = "<group>"; };
		070497131951916D007CC681 /* JBChartTooltipTipView.m */ = {isa = PBXFileReference; fileEncoding = 4; lastKnownFileType = sourcecode.c.objc; path = JBChartTooltipTipView.m; sourceTree = "<group>"; };
		070497141951916D007CC681 /* JBChartTooltipView.h */ = {isa = PBXFileReference; fileEncoding = 4; lastKnownFileType = sourcecode.c.h; path = JBChartTooltipView.h; sourceTree = "<group>"; };
		070497151951916D007CC681 /* JBChartTooltipView.m */ = {isa = PBXFileReference; fileEncoding = 4; lastKnownFileType = sourcecode.c.objc; path = JBChartTooltipView.m; sourceTree = "<group>"; };
		070497181951B4FC007CC681 /* JBLineChartFooterView.h */ = {isa = PBXFileReference; fileEncoding = 4; lastKnownFileType = sourcecode.c.h; path = JBLineChartFooterView.h; sourceTree = "<group>"; };
		070497191951B4FC007CC681 /* JBLineChartFooterView.m */ = {isa = PBXFileReference; fileEncoding = 4; lastKnownFileType = sourcecode.c.objc; path = JBLineChartFooterView.m; sourceTree = "<group>"; };
		0704971C1951BA04007CC681 /* NSArray+Additions.h */ = {isa = PBXFileReference; fileEncoding = 4; lastKnownFileType = sourcecode.c.h; path = "NSArray+Additions.h"; sourceTree = "<group>"; };
		0704971D1951BA04007CC681 /* NSArray+Additions.m */ = {isa = PBXFileReference; fileEncoding = 4; lastKnownFileType = sourcecode.c.objc; path = "NSArray+Additions.m"; sourceTree = "<group>"; };
		070497241951E3D2007CC681 /* TPSettingsVC.h */ = {isa = PBXFileReference; fileEncoding = 4; lastKnownFileType = sourcecode.c.h; path = TPSettingsVC.h; sourceTree = "<group>"; };
		070497251951E3D2007CC681 /* TPSettingsVC.m */ = {isa = PBXFileReference; fileEncoding = 4; lastKnownFileType = sourcecode.c.objc; path = TPSettingsVC.m; sourceTree = "<group>"; };
		07363A15194A138E00FFEF34 /* SWRevealViewController.h */ = {isa = PBXFileReference; fileEncoding = 4; lastKnownFileType = sourcecode.c.h; path = SWRevealViewController.h; sourceTree = "<group>"; };
		07363A16194A138E00FFEF34 /* SWRevealViewController.m */ = {isa = PBXFileReference; fileEncoding = 4; lastKnownFileType = sourcecode.c.objc; path = SWRevealViewController.m; sourceTree = "<group>"; };
		07363A18194A140F00FFEF34 /* Constants.h */ = {isa = PBXFileReference; lastKnownFileType = sourcecode.c.h; path = Constants.h; sourceTree = "<group>"; };
		0739D4EA194AD7EB0011E1AC /* TPMenuCell.h */ = {isa = PBXFileReference; fileEncoding = 4; lastKnownFileType = sourcecode.c.h; path = TPMenuCell.h; sourceTree = "<group>"; };
		0739D4EB194AD7EB0011E1AC /* TPMenuCell.m */ = {isa = PBXFileReference; fileEncoding = 4; lastKnownFileType = sourcecode.c.objc; path = TPMenuCell.m; sourceTree = "<group>"; };
		0739D4EE194AD8930011E1AC /* TPProgressVC.h */ = {isa = PBXFileReference; fileEncoding = 4; lastKnownFileType = sourcecode.c.h; path = TPProgressVC.h; sourceTree = "<group>"; };
		0739D4EF194AD8930011E1AC /* TPProgressVC.m */ = {isa = PBXFileReference; fileEncoding = 4; lastKnownFileType = sourcecode.c.objc; path = TPProgressVC.m; sourceTree = "<group>"; };
		0739D4F2194AD96D0011E1AC /* TPMeasureVC.h */ = {isa = PBXFileReference; fileEncoding = 4; lastKnownFileType = sourcecode.c.h; path = TPMeasureVC.h; sourceTree = "<group>"; };
		0739D4F3194AD96D0011E1AC /* TPMeasureVC.m */ = {isa = PBXFileReference; fileEncoding = 4; lastKnownFileType = sourcecode.c.objc; path = TPMeasureVC.m; sourceTree = "<group>"; };
		074F6EB8194F32350097BA01 /* tapr_Dist.plist */ = {isa = PBXFileReference; lastKnownFileType = text.plist.xml; path = tapr_Dist.plist; sourceTree = "<group>"; };
		075D42C419629BAD00C0CF78 /* TPAboutVC.h */ = {isa = PBXFileReference; fileEncoding = 4; lastKnownFileType = sourcecode.c.h; path = TPAboutVC.h; sourceTree = "<group>"; };
		075D42C519629BAD00C0CF78 /* TPAboutVC.m */ = {isa = PBXFileReference; fileEncoding = 4; lastKnownFileType = sourcecode.c.objc; path = TPAboutVC.m; sourceTree = "<group>"; };
		075D42C81962C9D500C0CF78 /* RotatedUILabel.h */ = {isa = PBXFileReference; fileEncoding = 4; lastKnownFileType = sourcecode.c.h; path = RotatedUILabel.h; sourceTree = "<group>"; };
		075D42C91962C9D500C0CF78 /* RotatedUILabel.m */ = {isa = PBXFileReference; fileEncoding = 4; lastKnownFileType = sourcecode.c.objc; path = RotatedUILabel.m; sourceTree = "<group>"; };
		075D42CB1962E6F100C0CF78 /* TPEditProfileVC.h */ = {isa = PBXFileReference; fileEncoding = 4; lastKnownFileType = sourcecode.c.h; path = TPEditProfileVC.h; sourceTree = "<group>"; };
		075D42CC1962E6F100C0CF78 /* TPEditProfileVC.m */ = {isa = PBXFileReference; fileEncoding = 4; lastKnownFileType = sourcecode.c.objc; path = TPEditProfileVC.m; sourceTree = "<group>"; };
		075D42CF1962F07C00C0CF78 /* EditNameView.h */ = {isa = PBXFileReference; fileEncoding = 4; lastKnownFileType = sourcecode.c.h; path = EditNameView.h; sourceTree = "<group>"; };
		075D42D01962F07C00C0CF78 /* EditNameView.m */ = {isa = PBXFileReference; fileEncoding = 4; lastKnownFileType = sourcecode.c.objc; path = EditNameView.m; sourceTree = "<group>"; };
		075D42D21962F09400C0CF78 /* EditBirthdayView.h */ = {isa = PBXFileReference; fileEncoding = 4; lastKnownFileType = sourcecode.c.h; path = EditBirthdayView.h; sourceTree = "<group>"; };
		075D42D31962F09400C0CF78 /* EditBirthdayView.m */ = {isa = PBXFileReference; fileEncoding = 4; lastKnownFileType = sourcecode.c.objc; path = EditBirthdayView.m; sourceTree = "<group>"; };
		075D42D51962F0A100C0CF78 /* EditHeightView.h */ = {isa = PBXFileReference; fileEncoding = 4; lastKnownFileType = sourcecode.c.h; path = EditHeightView.h; sourceTree = "<group>"; };
		075D42D61962F0A100C0CF78 /* EditHeightView.m */ = {isa = PBXFileReference; fileEncoding = 4; lastKnownFileType = sourcecode.c.objc; path = EditHeightView.m; sourceTree = "<group>"; };
		075D42D81962F0B100C0CF78 /* EditWeightView.h */ = {isa = PBXFileReference; fileEncoding = 4; lastKnownFileType = sourcecode.c.h; path = EditWeightView.h; sourceTree = "<group>"; };
		075D42D91962F0B100C0CF78 /* EditWeightView.m */ = {isa = PBXFileReference; fileEncoding = 4; lastKnownFileType = sourcecode.c.objc; path = EditWeightView.m; sourceTree = "<group>"; };
		075D42DB1962F0C300C0CF78 /* EditGenderView.h */ = {isa = PBXFileReference; fileEncoding = 4; lastKnownFileType = sourcecode.c.h; path = EditGenderView.h; sourceTree = "<group>"; };
		075D42DC1962F0C300C0CF78 /* EditGenderView.m */ = {isa = PBXFileReference; fileEncoding = 4; lastKnownFileType = sourcecode.c.objc; path = EditGenderView.m; sourceTree = "<group>"; };
		076C922F194B2ACA00F3A2A9 /* TPSummaryCell.h */ = {isa = PBXFileReference; fileEncoding = 4; lastKnownFileType = sourcecode.c.h; path = TPSummaryCell.h; sourceTree = "<group>"; };
		076C9230194B2ACA00F3A2A9 /* TPSummaryCell.m */ = {isa = PBXFileReference; fileEncoding = 4; lastKnownFileType = sourcecode.c.objc; path = TPSummaryCell.m; sourceTree = "<group>"; };
		0780D22A19654CAF00290105 /* TPSettingsUnitCell.h */ = {isa = PBXFileReference; fileEncoding = 4; lastKnownFileType = sourcecode.c.h; path = TPSettingsUnitCell.h; sourceTree = "<group>"; };
		0780D22B19654CAF00290105 /* TPSettingsUnitCell.m */ = {isa = PBXFileReference; fileEncoding = 4; lastKnownFileType = sourcecode.c.objc; path = TPSettingsUnitCell.m; sourceTree = "<group>"; };
		078FFBBD194EC5C7008BFFF9 /* TPMeasureInputVC.h */ = {isa = PBXFileReference; fileEncoding = 4; lastKnownFileType = sourcecode.c.h; path = TPMeasureInputVC.h; sourceTree = "<group>"; };
		078FFBBE194EC5C7008BFFF9 /* TPMeasureInputVC.m */ = {isa = PBXFileReference; fileEncoding = 4; lastKnownFileType = sourcecode.c.objc; path = TPMeasureInputVC.m; sourceTree = "<group>"; };
		078FFBC0194EF3FD008BFFF9 /* NSString+Additions.h */ = {isa = PBXFileReference; fileEncoding = 4; lastKnownFileType = sourcecode.c.h; path = "NSString+Additions.h"; sourceTree = "<group>"; };
		078FFBC1194EF3FD008BFFF9 /* NSString+Additions.m */ = {isa = PBXFileReference; fileEncoding = 4; lastKnownFileType = sourcecode.c.objc; path = "NSString+Additions.m"; sourceTree = "<group>"; };
		079216B81950289B005D7A09 /* TPProfileVC.h */ = {isa = PBXFileReference; fileEncoding = 4; lastKnownFileType = sourcecode.c.h; path = TPProfileVC.h; sourceTree = "<group>"; };
		079216B91950289B005D7A09 /* TPProfileVC.m */ = {isa = PBXFileReference; fileEncoding = 4; lastKnownFileType = sourcecode.c.objc; path = TPProfileVC.m; sourceTree = "<group>"; };
		079216BB195028E0005D7A09 /* TPProfileManager.h */ = {isa = PBXFileReference; fileEncoding = 4; lastKnownFileType = sourcecode.c.h; path = TPProfileManager.h; sourceTree = "<group>"; };
		079216BC195028E0005D7A09 /* TPProfileManager.m */ = {isa = PBXFileReference; fileEncoding = 4; lastKnownFileType = sourcecode.c.objc; path = TPProfileManager.m; sourceTree = "<group>"; };
		079216BE195039AE005D7A09 /* TPProfileCell.h */ = {isa = PBXFileReference; fileEncoding = 4; lastKnownFileType = sourcecode.c.h; path = TPProfileCell.h; sourceTree = "<group>"; };
		079216BF195039AE005D7A09 /* TPProfileCell.m */ = {isa = PBXFileReference; fileEncoding = 4; lastKnownFileType = sourcecode.c.objc; path = TPProfileCell.m; sourceTree = "<group>"; };
		079216C119503B8E005D7A09 /* TPUserProfile.h */ = {isa = PBXFileReference; fileEncoding = 4; lastKnownFileType = sourcecode.c.h; path = TPUserProfile.h; sourceTree = "<group>"; };
		079216C219503B8E005D7A09 /* TPUserProfile.m */ = {isa = PBXFileReference; fileEncoding = 4; lastKnownFileType = sourcecode.c.objc; path = TPUserProfile.m; sourceTree = "<group>"; };
		07A52A3919546B9B007D0DA2 /* TPLoginVC.h */ = {isa = PBXFileReference; fileEncoding = 4; lastKnownFileType = sourcecode.c.h; path = TPLoginVC.h; sourceTree = "<group>"; };
		07A52A3A19546B9B007D0DA2 /* TPLoginVC.m */ = {isa = PBXFileReference; fileEncoding = 4; lastKnownFileType = sourcecode.c.objc; path = TPLoginVC.m; sourceTree = "<group>"; };
		07A64178194B021000F75BBA /* UIImage+Additions.h */ = {isa = PBXFileReference; fileEncoding = 4; lastKnownFileType = sourcecode.c.h; path = "UIImage+Additions.h"; sourceTree = "<group>"; };
		07A64179194B021000F75BBA /* UIImage+Additions.m */ = {isa = PBXFileReference; fileEncoding = 4; lastKnownFileType = sourcecode.c.objc; path = "UIImage+Additions.m"; sourceTree = "<group>"; };
		07A6417B194B099800F75BBA /* TPMeasureCell.h */ = {isa = PBXFileReference; fileEncoding = 4; lastKnownFileType = sourcecode.c.h; path = TPMeasureCell.h; sourceTree = "<group>"; };
		07A6417C194B099800F75BBA /* TPMeasureCell.m */ = {isa = PBXFileReference; fileEncoding = 4; lastKnownFileType = sourcecode.c.objc; path = TPMeasureCell.m; sourceTree = "<group>"; };
		07A6417E194B1A8F00F75BBA /* TPSummaryVC.h */ = {isa = PBXFileReference; fileEncoding = 4; lastKnownFileType = sourcecode.c.h; path = TPSummaryVC.h; sourceTree = "<group>"; };
		07A6417F194B1A8F00F75BBA /* TPSummaryVC.m */ = {isa = PBXFileReference; fileEncoding = 4; lastKnownFileType = sourcecode.c.objc; path = TPSummaryVC.m; sourceTree = "<group>"; };
		07DF0B23194B3C3100FE76FA /* TPLiveMeasureVC.h */ = {isa = PBXFileReference; fileEncoding = 4; lastKnownFileType = sourcecode.c.h; path = TPLiveMeasureVC.h; sourceTree = "<group>"; };
		07DF0B24194B3C3100FE76FA /* TPLiveMeasureVC.m */ = {isa = PBXFileReference; fileEncoding = 4; lastKnownFileType = sourcecode.c.objc; path = TPLiveMeasureVC.m; sourceTree = "<group>"; };
		07DF0B26194B40F200FE76FA /* UIButton+Additions.h */ = {isa = PBXFileReference; fileEncoding = 4; lastKnownFileType = sourcecode.c.h; path = "UIButton+Additions.h"; sourceTree = "<group>"; };
		07DF0B27194B40F200FE76FA /* UIButton+Additions.m */ = {isa = PBXFileReference; fileEncoding = 4; lastKnownFileType = sourcecode.c.objc; path = "UIButton+Additions.m"; sourceTree = "<group>"; };
		07EB51C8194A0EAA0031150D /* tapr.app */ = {isa = PBXFileReference; explicitFileType = wrapper.application; includeInIndex = 0; path = tapr.app; sourceTree = BUILT_PRODUCTS_DIR; };
		07EB51CB194A0EAA0031150D /* Foundation.framework */ = {isa = PBXFileReference; lastKnownFileType = wrapper.framework; name = Foundation.framework; path = System/Library/Frameworks/Foundation.framework; sourceTree = SDKROOT; };
		07EB51CD194A0EAA0031150D /* CoreGraphics.framework */ = {isa = PBXFileReference; lastKnownFileType = wrapper.framework; name = CoreGraphics.framework; path = System/Library/Frameworks/CoreGraphics.framework; sourceTree = SDKROOT; };
		07EB51CF194A0EAA0031150D /* UIKit.framework */ = {isa = PBXFileReference; lastKnownFileType = wrapper.framework; name = UIKit.framework; path = System/Library/Frameworks/UIKit.framework; sourceTree = SDKROOT; };
		07EB51D3194A0EAA0031150D /* tapr_Dev.plist */ = {isa = PBXFileReference; lastKnownFileType = text.plist.xml; path = tapr_Dev.plist; sourceTree = "<group>"; };
		07EB51D5194A0EAA0031150D /* en */ = {isa = PBXFileReference; lastKnownFileType = text.plist.strings; name = en; path = en.lproj/InfoPlist.strings; sourceTree = "<group>"; };
		07EB51D7194A0EAA0031150D /* main.m */ = {isa = PBXFileReference; lastKnownFileType = sourcecode.c.objc; path = main.m; sourceTree = "<group>"; };
		07EB51D9194A0EAA0031150D /* tapr-Prefix.pch */ = {isa = PBXFileReference; lastKnownFileType = sourcecode.c.h; path = "tapr-Prefix.pch"; sourceTree = "<group>"; };
		07EB51DA194A0EAA0031150D /* TPAppDelegate.h */ = {isa = PBXFileReference; lastKnownFileType = sourcecode.c.h; path = TPAppDelegate.h; sourceTree = "<group>"; };
		07EB51DB194A0EAA0031150D /* TPAppDelegate.m */ = {isa = PBXFileReference; lastKnownFileType = sourcecode.c.objc; path = TPAppDelegate.m; sourceTree = "<group>"; };
		07EB51DE194A0EAA0031150D /* Base */ = {isa = PBXFileReference; lastKnownFileType = file.storyboard; name = Base; path = Base.lproj/Main.storyboard; sourceTree = "<group>"; };
		07EB51E3194A0EAA0031150D /* Images.xcassets */ = {isa = PBXFileReference; lastKnownFileType = folder.assetcatalog; path = Images.xcassets; sourceTree = "<group>"; };
		07EB51E9194A0EAA0031150D /* taprTests.xctest */ = {isa = PBXFileReference; explicitFileType = wrapper.cfbundle; includeInIndex = 0; path = taprTests.xctest; sourceTree = BUILT_PRODUCTS_DIR; };
		07EB51EA194A0EAA0031150D /* XCTest.framework */ = {isa = PBXFileReference; lastKnownFileType = wrapper.framework; name = XCTest.framework; path = Library/Frameworks/XCTest.framework; sourceTree = DEVELOPER_DIR; };
		07EB51F2194A0EAA0031150D /* taprTests-Info.plist */ = {isa = PBXFileReference; lastKnownFileType = text.plist.xml; path = "taprTests-Info.plist"; sourceTree = "<group>"; };
		07EB51F4194A0EAA0031150D /* en */ = {isa = PBXFileReference; lastKnownFileType = text.plist.strings; name = en; path = en.lproj/InfoPlist.strings; sourceTree = "<group>"; };
		07EB51F6194A0EAA0031150D /* taprTests.m */ = {isa = PBXFileReference; lastKnownFileType = sourcecode.c.objc; path = taprTests.m; sourceTree = "<group>"; };
		07FCD68119631D9400CFBB75 /* TPPrivacyVC.h */ = {isa = PBXFileReference; fileEncoding = 4; lastKnownFileType = sourcecode.c.h; path = TPPrivacyVC.h; sourceTree = "<group>"; };
		07FCD68219631D9400CFBB75 /* TPPrivacyVC.m */ = {isa = PBXFileReference; fileEncoding = 4; lastKnownFileType = sourcecode.c.objc; path = TPPrivacyVC.m; sourceTree = "<group>"; };
		07FCD68419631DB000CFBB75 /* TPToolsVC.h */ = {isa = PBXFileReference; fileEncoding = 4; lastKnownFileType = sourcecode.c.h; path = TPToolsVC.h; sourceTree = "<group>"; };
		07FCD68519631DB000CFBB75 /* TPToolsVC.m */ = {isa = PBXFileReference; fileEncoding = 4; lastKnownFileType = sourcecode.c.objc; path = TPToolsVC.m; sourceTree = "<group>"; };
		43E5BCBE195238530078AD6D /* WZBluetoothManager.h */ = {isa = PBXFileReference; fileEncoding = 4; lastKnownFileType = sourcecode.c.h; path = WZBluetoothManager.h; sourceTree = "<group>"; };
		43E5BCBF195238530078AD6D /* WZBluetoothManager.m */ = {isa = PBXFileReference; fileEncoding = 4; lastKnownFileType = sourcecode.c.objc; path = WZBluetoothManager.m; sourceTree = "<group>"; };
		43E5BCC119532B900078AD6D /* CoreBluetooth.framework */ = {isa = PBXFileReference; lastKnownFileType = wrapper.framework; name = CoreBluetooth.framework; path = System/Library/Frameworks/CoreBluetooth.framework; sourceTree = SDKROOT; };
/* End PBXFileReference section */

/* Begin PBXFrameworksBuildPhase section */
		07EB51C5194A0EAA0031150D /* Frameworks */ = {
			isa = PBXFrameworksBuildPhase;
			buildActionMask = 2147483647;
			files = (
				43E5BCC219532B900078AD6D /* CoreBluetooth.framework in Frameworks */,
				07EB51CE194A0EAA0031150D /* CoreGraphics.framework in Frameworks */,
				07EB51D0194A0EAA0031150D /* UIKit.framework in Frameworks */,
				07EB51CC194A0EAA0031150D /* Foundation.framework in Frameworks */,
			);
			runOnlyForDeploymentPostprocessing = 0;
		};
		07EB51E6194A0EAA0031150D /* Frameworks */ = {
			isa = PBXFrameworksBuildPhase;
			buildActionMask = 2147483647;
			files = (
				07EB51EB194A0EAA0031150D /* XCTest.framework in Frameworks */,
				07EB51ED194A0EAA0031150D /* UIKit.framework in Frameworks */,
				07EB51EC194A0EAA0031150D /* Foundation.framework in Frameworks */,
			);
			runOnlyForDeploymentPostprocessing = 0;
		};
/* End PBXFrameworksBuildPhase section */

/* Begin PBXGroup section */
		07046C96194AC7B8004A6D38 /* Left Menu */ = {
			isa = PBXGroup;
			children = (
				07046CC5194AD280004A6D38 /* TPLeftMenuVC.h */,
				07046CC6194AD280004A6D38 /* TPLeftMenuVC.m */,
			);
			name = "Left Menu";
			sourceTree = "<group>";
		};
		07046C9D194AC8A1004A6D38 /* MBProgressHUD */ = {
			isa = PBXGroup;
			children = (
				07046C9A194AC89C004A6D38 /* MBProgressHUD.h */,
				07046C9B194AC89C004A6D38 /* MBProgressHUD.m */,
			);
			name = MBProgressHUD;
			sourceTree = "<group>";
		};
		07046CA4194ACA72004A6D38 /* Categories */ = {
			isa = PBXGroup;
			children = (
				078FFBC0194EF3FD008BFFF9 /* NSString+Additions.h */,
				078FFBC1194EF3FD008BFFF9 /* NSString+Additions.m */,
				07DF0B26194B40F200FE76FA /* UIButton+Additions.h */,
				07DF0B27194B40F200FE76FA /* UIButton+Additions.m */,
				07A64178194B021000F75BBA /* UIImage+Additions.h */,
				07A64179194B021000F75BBA /* UIImage+Additions.m */,
				07046CA5194ACA7C004A6D38 /* UINavigationItem+Additions.h */,
				07046CA6194ACA7C004A6D38 /* UINavigationItem+Additions.m */,
				07046CC2194AD0DE004A6D38 /* UIColor+Additions.h */,
				07046CC3194AD0DE004A6D38 /* UIColor+Additions.m */,
				0704971C1951BA04007CC681 /* NSArray+Additions.h */,
				0704971D1951BA04007CC681 /* NSArray+Additions.m */,
			);
			name = Categories;
			sourceTree = "<group>";
		};
		07046CA9194ACD7E004A6D38 /* Lato */ = {
			isa = PBXGroup;
			children = (
				07046CAA194ACD7E004A6D38 /* Lato-Black.ttf */,
				07046CAB194ACD7E004A6D38 /* Lato-BlackItalic.ttf */,
				07046CAC194ACD7E004A6D38 /* Lato-Bold.ttf */,
				07046CAD194ACD7E004A6D38 /* Lato-BoldItalic.ttf */,
				07046CAE194ACD7E004A6D38 /* Lato-Hairline.ttf */,
				07046CAF194ACD7E004A6D38 /* Lato-HairlineItalic.ttf */,
				07046CB0194ACD7E004A6D38 /* Lato-Italic.ttf */,
				07046CB1194ACD7E004A6D38 /* Lato-Light.ttf */,
				07046CB2194ACD7E004A6D38 /* Lato-LightItalic.ttf */,
				07046CB3194ACD7E004A6D38 /* Lato-Regular.ttf */,
				07046CB4194ACD7E004A6D38 /* OFL.txt */,
			);
			path = Lato;
			sourceTree = "<group>";
		};
		07049708195170B4007CC681 /* JBChartView */ = {
			isa = PBXGroup;
			children = (
				07049709195170B4007CC681 /* JBBarChartView.h */,
				0704970A195170B4007CC681 /* JBBarChartView.m */,
				0704970B195170B4007CC681 /* JBChartView.h */,
				0704970C195170B4007CC681 /* JBChartView.m */,
				0704970D195170B4007CC681 /* JBLineChartView.h */,
				0704970E195170B4007CC681 /* JBLineChartView.m */,
			);
			path = JBChartView;
			sourceTree = "<group>";
		};
		0704971B1951B54D007CC681 /* JBChart */ = {
			isa = PBXGroup;
			children = (
				070497121951916D007CC681 /* JBChartTooltipTipView.h */,
				070497131951916D007CC681 /* JBChartTooltipTipView.m */,
				070497141951916D007CC681 /* JBChartTooltipView.h */,
				070497151951916D007CC681 /* JBChartTooltipView.m */,
				070497181951B4FC007CC681 /* JBLineChartFooterView.h */,
				070497191951B4FC007CC681 /* JBLineChartFooterView.m */,
			);
			name = JBChart;
			sourceTree = "<group>";
		};
		070497231951E36A007CC681 /* Settings */ = {
			isa = PBXGroup;
			children = (
				070497241951E3D2007CC681 /* TPSettingsVC.h */,
				070497251951E3D2007CC681 /* TPSettingsVC.m */,
			);
			name = Settings;
			sourceTree = "<group>";
		};
		07363A0D194A131300FFEF34 /* Views */ = {
			isa = PBXGroup;
			children = (
				075D42CE1962F04F00C0CF78 /* Edit Profile */,
				0704971B1951B54D007CC681 /* JBChart */,
			);
			path = Views;
			sourceTree = "<group>";
		};
		07363A0E194A131C00FFEF34 /* Managers */ = {
			isa = PBXGroup;
			children = (
				43E5BCBE195238530078AD6D /* WZBluetoothManager.h */,
				43E5BCBF195238530078AD6D /* WZBluetoothManager.m */,
				07046C9E194ACA37004A6D38 /* TPThemeManager.h */,
				07046C9F194ACA37004A6D38 /* TPThemeManager.m */,
				07046CA1194ACA52004A6D38 /* TPDataManager.h */,
				07046CA2194ACA52004A6D38 /* TPDataManager.m */,
				079216BB195028E0005D7A09 /* TPProfileManager.h */,
				079216BC195028E0005D7A09 /* TPProfileManager.m */,
			);
			path = Managers;
			sourceTree = "<group>";
		};
		07363A0F194A132900FFEF34 /* Models */ = {
			isa = PBXGroup;
			children = (
				079216C119503B8E005D7A09 /* TPUserProfile.h */,
				079216C219503B8E005D7A09 /* TPUserProfile.m */,
			);
			path = Models;
			sourceTree = "<group>";
		};
		07363A10194A132F00FFEF34 /* Utils */ = {
			isa = PBXGroup;
			children = (
				07046CA8194ACA9D004A6D38 /* Utils.h */,
				075D42C71962C9B100C0CF78 /* Subclasses */,
				07046CA4194ACA72004A6D38 /* Categories */,
			);
			path = Utils;
			sourceTree = "<group>";
		};
		07363A11194A134000FFEF34 /* Resources */ = {
			isa = PBXGroup;
			children = (
				07363A12194A134600FFEF34 /* Fonts */,
			);
			path = Resources;
			sourceTree = "<group>";
		};
		07363A12194A134600FFEF34 /* Fonts */ = {
			isa = PBXGroup;
			children = (
				07046CC0194ACD8B004A6D38 /* Strait-Regular.ttf */,
				07046CA9194ACD7E004A6D38 /* Lato */,
			);
			name = Fonts;
			sourceTree = "<group>";
		};
		07363A14194A138E00FFEF34 /* SWRevealViewController */ = {
			isa = PBXGroup;
			children = (
				07363A15194A138E00FFEF34 /* SWRevealViewController.h */,
				07363A16194A138E00FFEF34 /* SWRevealViewController.m */,
			);
			path = SWRevealViewController;
			sourceTree = "<group>";
		};
		0739D4E9194AD7B30011E1AC /* Cells */ = {
			isa = PBXGroup;
			children = (
				0739D4EA194AD7EB0011E1AC /* TPMenuCell.h */,
				0739D4EB194AD7EB0011E1AC /* TPMenuCell.m */,
				07A6417B194B099800F75BBA /* TPMeasureCell.h */,
				07A6417C194B099800F75BBA /* TPMeasureCell.m */,
				076C922F194B2ACA00F3A2A9 /* TPSummaryCell.h */,
				076C9230194B2ACA00F3A2A9 /* TPSummaryCell.m */,
				079216BE195039AE005D7A09 /* TPProfileCell.h */,
				079216BF195039AE005D7A09 /* TPProfileCell.m */,
				0780D22A19654CAF00290105 /* TPSettingsUnitCell.h */,
				0780D22B19654CAF00290105 /* TPSettingsUnitCell.m */,
			);
			path = Cells;
			sourceTree = "<group>";
		};
		0739D4ED194AD86C0011E1AC /* Progress */ = {
			isa = PBXGroup;
			children = (
				0739D4EE194AD8930011E1AC /* TPProgressVC.h */,
				0739D4EF194AD8930011E1AC /* TPProgressVC.m */,
				07A6417E194B1A8F00F75BBA /* TPSummaryVC.h */,
				07A6417F194B1A8F00F75BBA /* TPSummaryVC.m */,
			);
			name = Progress;
			sourceTree = "<group>";
		};
		0739D4F1194AD9550011E1AC /* Measure */ = {
			isa = PBXGroup;
			children = (
				0739D4F2194AD96D0011E1AC /* TPMeasureVC.h */,
				0739D4F3194AD96D0011E1AC /* TPMeasureVC.m */,
				07DF0B23194B3C3100FE76FA /* TPLiveMeasureVC.h */,
				07DF0B24194B3C3100FE76FA /* TPLiveMeasureVC.m */,
			);
			name = Measure;
			sourceTree = "<group>";
		};
		075D42C319629B9500C0CF78 /* About */ = {
			isa = PBXGroup;
			children = (
				075D42C419629BAD00C0CF78 /* TPAboutVC.h */,
				075D42C519629BAD00C0CF78 /* TPAboutVC.m */,
			);
			name = About;
			sourceTree = "<group>";
		};
		075D42C71962C9B100C0CF78 /* Subclasses */ = {
			isa = PBXGroup;
			children = (
				075D42C81962C9D500C0CF78 /* RotatedUILabel.h */,
				075D42C91962C9D500C0CF78 /* RotatedUILabel.m */,
			);
			name = Subclasses;
			sourceTree = "<group>";
		};
		075D42CE1962F04F00C0CF78 /* Edit Profile */ = {
			isa = PBXGroup;
			children = (
				075D42CF1962F07C00C0CF78 /* EditNameView.h */,
				075D42D01962F07C00C0CF78 /* EditNameView.m */,
				075D42D21962F09400C0CF78 /* EditBirthdayView.h */,
				075D42D31962F09400C0CF78 /* EditBirthdayView.m */,
				075D42D51962F0A100C0CF78 /* EditHeightView.h */,
				075D42D61962F0A100C0CF78 /* EditHeightView.m */,
				075D42D81962F0B100C0CF78 /* EditWeightView.h */,
				075D42D91962F0B100C0CF78 /* EditWeightView.m */,
				075D42DB1962F0C300C0CF78 /* EditGenderView.h */,
				075D42DC1962F0C300C0CF78 /* EditGenderView.m */,
			);
			name = "Edit Profile";
			sourceTree = "<group>";
		};
		078AAEF819546A930044E28D /* Log in */ = {
			isa = PBXGroup;
			children = (
				07A52A3919546B9B007D0DA2 /* TPLoginVC.h */,
				07A52A3A19546B9B007D0DA2 /* TPLoginVC.m */,
			);
			name = "Log in";
			sourceTree = "<group>";
		};
		078FFBBC194EC5A1008BFFF9 /* Test */ = {
			isa = PBXGroup;
			children = (
				078FFBBD194EC5C7008BFFF9 /* TPMeasureInputVC.h */,
				078FFBBE194EC5C7008BFFF9 /* TPMeasureInputVC.m */,
			);
			name = Test;
			sourceTree = "<group>";
		};
		079216B719502883005D7A09 /* Profile */ = {
			isa = PBXGroup;
			children = (
				079216B81950289B005D7A09 /* TPProfileVC.h */,
				079216B91950289B005D7A09 /* TPProfileVC.m */,
				075D42CB1962E6F100C0CF78 /* TPEditProfileVC.h */,
				075D42CC1962E6F100C0CF78 /* TPEditProfileVC.m */,
			);
			name = Profile;
			sourceTree = "<group>";
		};
		07EB51BF194A0EAA0031150D = {
			isa = PBXGroup;
			children = (
				07EB51D1194A0EAA0031150D /* tapr */,
				07EB51F0194A0EAA0031150D /* taprTests */,
				07EB51CA194A0EAA0031150D /* Frameworks */,
				07EB51C9194A0EAA0031150D /* Products */,
			);
			sourceTree = "<group>";
		};
		07EB51C9194A0EAA0031150D /* Products */ = {
			isa = PBXGroup;
			children = (
				07EB51C8194A0EAA0031150D /* tapr.app */,
				07EB51E9194A0EAA0031150D /* taprTests.xctest */,
			);
			name = Products;
			sourceTree = "<group>";
		};
		07EB51CA194A0EAA0031150D /* Frameworks */ = {
			isa = PBXGroup;
			children = (
				43E5BCC119532B900078AD6D /* CoreBluetooth.framework */,
				07EB51CB194A0EAA0031150D /* Foundation.framework */,
				07EB51CD194A0EAA0031150D /* CoreGraphics.framework */,
				07EB51CF194A0EAA0031150D /* UIKit.framework */,
				07EB51EA194A0EAA0031150D /* XCTest.framework */,
			);
			name = Frameworks;
			sourceTree = "<group>";
		};
		07EB51D1194A0EAA0031150D /* tapr */ = {
			isa = PBXGroup;
			children = (
				07363A18194A140F00FFEF34 /* Constants.h */,
				07EB51DA194A0EAA0031150D /* TPAppDelegate.h */,
				07EB51DB194A0EAA0031150D /* TPAppDelegate.m */,
				07EB51E3194A0EAA0031150D /* Images.xcassets */,
				07EB51DD194A0EAA0031150D /* Main.storyboard */,
				07363A0E194A131C00FFEF34 /* Managers */,
				07363A0F194A132900FFEF34 /* Models */,
				07363A0D194A131300FFEF34 /* Views */,
				0739D4E9194AD7B30011E1AC /* Cells */,
				07EB5200194A0F6E0031150D /* ViewControllers */,
				07363A10194A132F00FFEF34 /* Utils */,
				07EB51D2194A0EAA0031150D /* Supporting Files */,
				07363A11194A134000FFEF34 /* Resources */,
				07EB5201194A11FE0031150D /* ThirdParty Libraries */,
			);
			path = tapr;
			sourceTree = "<group>";
		};
		07EB51D2194A0EAA0031150D /* Supporting Files */ = {
			isa = PBXGroup;
			children = (
				07EB51D3194A0EAA0031150D /* tapr_Dev.plist */,
				074F6EB8194F32350097BA01 /* tapr_Dist.plist */,
				07EB51D4194A0EAA0031150D /* InfoPlist.strings */,
				07EB51D7194A0EAA0031150D /* main.m */,
				07EB51D9194A0EAA0031150D /* tapr-Prefix.pch */,
			);
			name = "Supporting Files";
			sourceTree = "<group>";
		};
		07EB51F0194A0EAA0031150D /* taprTests */ = {
			isa = PBXGroup;
			children = (
				07EB51F6194A0EAA0031150D /* taprTests.m */,
				07EB51F1194A0EAA0031150D /* Supporting Files */,
			);
			path = taprTests;
			sourceTree = "<group>";
		};
		07EB51F1194A0EAA0031150D /* Supporting Files */ = {
			isa = PBXGroup;
			children = (
				07EB51F2194A0EAA0031150D /* taprTests-Info.plist */,
				07EB51F3194A0EAA0031150D /* InfoPlist.strings */,
			);
			name = "Supporting Files";
			sourceTree = "<group>";
		};
		07EB5200194A0F6E0031150D /* ViewControllers */ = {
			isa = PBXGroup;
			children = (
				07046C97194AC7FD004A6D38 /* TPBaseVC.h */,
				07046C98194AC7FD004A6D38 /* TPBaseVC.m */,
				078AAEF819546A930044E28D /* Log in */,
				07046C96194AC7B8004A6D38 /* Left Menu */,
				079216B719502883005D7A09 /* Profile */,
				0739D4F1194AD9550011E1AC /* Measure */,
				0739D4ED194AD86C0011E1AC /* Progress */,
				075D42C319629B9500C0CF78 /* About */,
				07FCD68019631D7300CFBB75 /* Privacy */,
				07FCD67F19631D7100CFBB75 /* Tools */,
				070497231951E36A007CC681 /* Settings */,
				078FFBBC194EC5A1008BFFF9 /* Test */,
			);
			path = ViewControllers;
			sourceTree = "<group>";
		};
		07EB5201194A11FE0031150D /* ThirdParty Libraries */ = {
			isa = PBXGroup;
			children = (
				07049708195170B4007CC681 /* JBChartView */,
				07046C9D194AC8A1004A6D38 /* MBProgressHUD */,
				07363A14194A138E00FFEF34 /* SWRevealViewController */,
			);
			path = "ThirdParty Libraries";
			sourceTree = "<group>";
		};
		07FCD67F19631D7100CFBB75 /* Tools */ = {
			isa = PBXGroup;
			children = (
				07FCD68419631DB000CFBB75 /* TPToolsVC.h */,
				07FCD68519631DB000CFBB75 /* TPToolsVC.m */,
			);
			name = Tools;
			sourceTree = "<group>";
		};
		07FCD68019631D7300CFBB75 /* Privacy */ = {
			isa = PBXGroup;
			children = (
				07FCD68119631D9400CFBB75 /* TPPrivacyVC.h */,
				07FCD68219631D9400CFBB75 /* TPPrivacyVC.m */,
			);
			name = Privacy;
			sourceTree = "<group>";
		};
/* End PBXGroup section */

/* Begin PBXNativeTarget section */
		07EB51C7194A0EAA0031150D /* tapr */ = {
			isa = PBXNativeTarget;
			buildConfigurationList = 07EB51FA194A0EAA0031150D /* Build configuration list for PBXNativeTarget "tapr" */;
			buildPhases = (
				07EB51C4194A0EAA0031150D /* Sources */,
				07EB51C5194A0EAA0031150D /* Frameworks */,
				07EB51C6194A0EAA0031150D /* Resources */,
			);
			buildRules = (
			);
			dependencies = (
			);
			name = tapr;
			productName = tapr;
			productReference = 07EB51C8194A0EAA0031150D /* tapr.app */;
			productType = "com.apple.product-type.application";
		};
		07EB51E8194A0EAA0031150D /* taprTests */ = {
			isa = PBXNativeTarget;
			buildConfigurationList = 07EB51FD194A0EAA0031150D /* Build configuration list for PBXNativeTarget "taprTests" */;
			buildPhases = (
				07EB51E5194A0EAA0031150D /* Sources */,
				07EB51E6194A0EAA0031150D /* Frameworks */,
				07EB51E7194A0EAA0031150D /* Resources */,
			);
			buildRules = (
			);
			dependencies = (
				07EB51EF194A0EAA0031150D /* PBXTargetDependency */,
			);
			name = taprTests;
			productName = taprTests;
			productReference = 07EB51E9194A0EAA0031150D /* taprTests.xctest */;
			productType = "com.apple.product-type.bundle.unit-test";
		};
/* End PBXNativeTarget section */

/* Begin PBXProject section */
		07EB51C0194A0EAA0031150D /* Project object */ = {
			isa = PBXProject;
			attributes = {
				CLASSPREFIX = TP;
				LastUpgradeCheck = 0510;
				ORGANIZATIONNAME = "ByteFly Inc.";
				TargetAttributes = {
					07EB51E8194A0EAA0031150D = {
						TestTargetID = 07EB51C7194A0EAA0031150D;
					};
				};
			};
			buildConfigurationList = 07EB51C3194A0EAA0031150D /* Build configuration list for PBXProject "tapr" */;
			compatibilityVersion = "Xcode 3.2";
			developmentRegion = English;
			hasScannedForEncodings = 0;
			knownRegions = (
				en,
				Base,
			);
			mainGroup = 07EB51BF194A0EAA0031150D;
			productRefGroup = 07EB51C9194A0EAA0031150D /* Products */;
			projectDirPath = "";
			projectRoot = "";
			targets = (
				07EB51C7194A0EAA0031150D /* tapr */,
				07EB51E8194A0EAA0031150D /* taprTests */,
			);
		};
/* End PBXProject section */

/* Begin PBXResourcesBuildPhase section */
		07EB51C6194A0EAA0031150D /* Resources */ = {
			isa = PBXResourcesBuildPhase;
			buildActionMask = 2147483647;
			files = (
				07046CBF194ACD7E004A6D38 /* OFL.txt in Resources */,
				07046CBB194ACD7E004A6D38 /* Lato-Italic.ttf in Resources */,
				07046CB5194ACD7E004A6D38 /* Lato-Black.ttf in Resources */,
				07046CB7194ACD7E004A6D38 /* Lato-Bold.ttf in Resources */,
				07046CBC194ACD7E004A6D38 /* Lato-Light.ttf in Resources */,
				07EB51E4194A0EAA0031150D /* Images.xcassets in Resources */,
				07046CB6194ACD7E004A6D38 /* Lato-BlackItalic.ttf in Resources */,
				07EB51D6194A0EAA0031150D /* InfoPlist.strings in Resources */,
				07046CBD194ACD7E004A6D38 /* Lato-LightItalic.ttf in Resources */,
				07046CC1194ACD8B004A6D38 /* Strait-Regular.ttf in Resources */,
				07046CBA194ACD7E004A6D38 /* Lato-HairlineItalic.ttf in Resources */,
				07046CB8194ACD7E004A6D38 /* Lato-BoldItalic.ttf in Resources */,
				07046CBE194ACD7E004A6D38 /* Lato-Regular.ttf in Resources */,
				07046CB9194ACD7E004A6D38 /* Lato-Hairline.ttf in Resources */,
				07EB51DF194A0EAA0031150D /* Main.storyboard in Resources */,
			);
			runOnlyForDeploymentPostprocessing = 0;
		};
		07EB51E7194A0EAA0031150D /* Resources */ = {
			isa = PBXResourcesBuildPhase;
			buildActionMask = 2147483647;
			files = (
				07EB51F5194A0EAA0031150D /* InfoPlist.strings in Resources */,
			);
			runOnlyForDeploymentPostprocessing = 0;
		};
/* End PBXResourcesBuildPhase section */

/* Begin PBXSourcesBuildPhase section */
		07EB51C4194A0EAA0031150D /* Sources */ = {
			isa = PBXSourcesBuildPhase;
			buildActionMask = 2147483647;
			files = (
				07A52A3B19546B9B007D0DA2 /* TPLoginVC.m in Sources */,
				079216C319503B8E005D7A09 /* TPUserProfile.m in Sources */,
				07A6417D194B099800F75BBA /* TPMeasureCell.m in Sources */,
				0704971A1951B4FC007CC681 /* JBLineChartFooterView.m in Sources */,
				07049711195170B4007CC681 /* JBLineChartView.m in Sources */,
				078FFBBF194EC5C7008BFFF9 /* TPMeasureInputVC.m in Sources */,
				075D42CD1962E6F100C0CF78 /* TPEditProfileVC.m in Sources */,
				43E5BCC0195238530078AD6D /* WZBluetoothManager.m in Sources */,
				07FCD68619631DB000CFBB75 /* TPToolsVC.m in Sources */,
				070497171951916D007CC681 /* JBChartTooltipView.m in Sources */,
				0739D4EC194AD7EB0011E1AC /* TPMenuCell.m in Sources */,
				0704971E1951BA04007CC681 /* NSArray+Additions.m in Sources */,
				075D42D11962F07C00C0CF78 /* EditNameView.m in Sources */,
				075D42C619629BAD00C0CF78 /* TPAboutVC.m in Sources */,
				0780D22C19654CAF00290105 /* TPSettingsUnitCell.m in Sources */,
				078FFBC2194EF3FD008BFFF9 /* NSString+Additions.m in Sources */,
				07046C9C194AC89C004A6D38 /* MBProgressHUD.m in Sources */,
				07DF0B25194B3C3100FE76FA /* TPLiveMeasureVC.m in Sources */,
				07EB51DC194A0EAA0031150D /* TPAppDelegate.m in Sources */,
				070497161951916D007CC681 /* JBChartTooltipTipView.m in Sources */,
				0739D4F0194AD8930011E1AC /* TPProgressVC.m in Sources */,
				079216C0195039AE005D7A09 /* TPProfileCell.m in Sources */,
				07046CA3194ACA52004A6D38 /* TPDataManager.m in Sources */,
				07DF0B28194B40F200FE76FA /* UIButton+Additions.m in Sources */,
				0739D4F4194AD96D0011E1AC /* TPMeasureVC.m in Sources */,
				07FCD68319631D9400CFBB75 /* TPPrivacyVC.m in Sources */,
				079216BA1950289B005D7A09 /* TPProfileVC.m in Sources */,
				075D42DD1962F0C300C0CF78 /* EditGenderView.m in Sources */,
				07046CA0194ACA37004A6D38 /* TPThemeManager.m in Sources */,
				0704970F195170B4007CC681 /* JBBarChartView.m in Sources */,
				07046CC4194AD0DE004A6D38 /* UIColor+Additions.m in Sources */,
				075D42D71962F0A100C0CF78 /* EditHeightView.m in Sources */,
				07049710195170B4007CC681 /* JBChartView.m in Sources */,
				07EB51D8194A0EAA0031150D /* main.m in Sources */,
				075D42D41962F09400C0CF78 /* EditBirthdayView.m in Sources */,
				075D42CA1962C9D500C0CF78 /* RotatedUILabel.m in Sources */,
				075D42DA1962F0B100C0CF78 /* EditWeightView.m in Sources */,
				07046CA7194ACA7C004A6D38 /* UINavigationItem+Additions.m in Sources */,
				079216BD195028E0005D7A09 /* TPProfileManager.m in Sources */,
				07046C99194AC7FD004A6D38 /* TPBaseVC.m in Sources */,
				07363A17194A138E00FFEF34 /* SWRevealViewController.m in Sources */,
				07A6417A194B021000F75BBA /* UIImage+Additions.m in Sources */,
				07046CC7194AD280004A6D38 /* TPLeftMenuVC.m in Sources */,
				070497261951E3D2007CC681 /* TPSettingsVC.m in Sources */,
				076C9231194B2ACA00F3A2A9 /* TPSummaryCell.m in Sources */,
				07A64180194B1A8F00F75BBA /* TPSummaryVC.m in Sources */,
			);
			runOnlyForDeploymentPostprocessing = 0;
		};
		07EB51E5194A0EAA0031150D /* Sources */ = {
			isa = PBXSourcesBuildPhase;
			buildActionMask = 2147483647;
			files = (
				07EB51F7194A0EAA0031150D /* taprTests.m in Sources */,
			);
			runOnlyForDeploymentPostprocessing = 0;
		};
/* End PBXSourcesBuildPhase section */

/* Begin PBXTargetDependency section */
		07EB51EF194A0EAA0031150D /* PBXTargetDependency */ = {
			isa = PBXTargetDependency;
			target = 07EB51C7194A0EAA0031150D /* tapr */;
			targetProxy = 07EB51EE194A0EAA0031150D /* PBXContainerItemProxy */;
		};
/* End PBXTargetDependency section */

/* Begin PBXVariantGroup section */
		07EB51D4194A0EAA0031150D /* InfoPlist.strings */ = {
			isa = PBXVariantGroup;
			children = (
				07EB51D5194A0EAA0031150D /* en */,
			);
			name = InfoPlist.strings;
			sourceTree = "<group>";
		};
		07EB51DD194A0EAA0031150D /* Main.storyboard */ = {
			isa = PBXVariantGroup;
			children = (
				07EB51DE194A0EAA0031150D /* Base */,
			);
			name = Main.storyboard;
			sourceTree = "<group>";
		};
		07EB51F3194A0EAA0031150D /* InfoPlist.strings */ = {
			isa = PBXVariantGroup;
			children = (
				07EB51F4194A0EAA0031150D /* en */,
			);
			name = InfoPlist.strings;
			sourceTree = "<group>";
		};
/* End PBXVariantGroup section */

/* Begin XCBuildConfiguration section */
		07EB51F8194A0EAA0031150D /* Debug */ = {
			isa = XCBuildConfiguration;
			buildSettings = {
				ALWAYS_SEARCH_USER_PATHS = NO;
				CLANG_CXX_LANGUAGE_STANDARD = "gnu++0x";
				CLANG_CXX_LIBRARY = "libc++";
				CLANG_ENABLE_MODULES = YES;
				CLANG_ENABLE_OBJC_ARC = YES;
				CLANG_WARN_BOOL_CONVERSION = YES;
				CLANG_WARN_CONSTANT_CONVERSION = YES;
				CLANG_WARN_DIRECT_OBJC_ISA_USAGE = YES_ERROR;
				CLANG_WARN_EMPTY_BODY = YES;
				CLANG_WARN_ENUM_CONVERSION = YES;
				CLANG_WARN_INT_CONVERSION = YES;
				CLANG_WARN_OBJC_ROOT_CLASS = YES_ERROR;
				CLANG_WARN__DUPLICATE_METHOD_MATCH = YES;
				"CODE_SIGN_IDENTITY[sdk=iphoneos*]" = "iPhone Developer";
				COPY_PHASE_STRIP = NO;
				GCC_C_LANGUAGE_STANDARD = gnu99;
				GCC_DYNAMIC_NO_PIC = NO;
				GCC_OPTIMIZATION_LEVEL = 0;
				GCC_PREPROCESSOR_DEFINITIONS = (
					"DEBUG=1",
					"$(inherited)",
				);
				GCC_SYMBOLS_PRIVATE_EXTERN = NO;
				GCC_WARN_64_TO_32_BIT_CONVERSION = YES;
				GCC_WARN_ABOUT_RETURN_TYPE = YES_ERROR;
				GCC_WARN_UNDECLARED_SELECTOR = YES;
				GCC_WARN_UNINITIALIZED_AUTOS = YES_AGGRESSIVE;
				GCC_WARN_UNUSED_FUNCTION = YES;
				GCC_WARN_UNUSED_VARIABLE = YES;
				IPHONEOS_DEPLOYMENT_TARGET = 7.1;
				ONLY_ACTIVE_ARCH = YES;
				SDKROOT = iphoneos;
			};
			name = Debug;
		};
		07EB51F9194A0EAA0031150D /* Release */ = {
			isa = XCBuildConfiguration;
			buildSettings = {
				ALWAYS_SEARCH_USER_PATHS = NO;
				CLANG_CXX_LANGUAGE_STANDARD = "gnu++0x";
				CLANG_CXX_LIBRARY = "libc++";
				CLANG_ENABLE_MODULES = YES;
				CLANG_ENABLE_OBJC_ARC = YES;
				CLANG_WARN_BOOL_CONVERSION = YES;
				CLANG_WARN_CONSTANT_CONVERSION = YES;
				CLANG_WARN_DIRECT_OBJC_ISA_USAGE = YES_ERROR;
				CLANG_WARN_EMPTY_BODY = YES;
				CLANG_WARN_ENUM_CONVERSION = YES;
				CLANG_WARN_INT_CONVERSION = YES;
				CLANG_WARN_OBJC_ROOT_CLASS = YES_ERROR;
				CLANG_WARN__DUPLICATE_METHOD_MATCH = YES;
				"CODE_SIGN_IDENTITY[sdk=iphoneos*]" = "iPhone Developer";
				COPY_PHASE_STRIP = YES;
				ENABLE_NS_ASSERTIONS = NO;
				GCC_C_LANGUAGE_STANDARD = gnu99;
				GCC_WARN_64_TO_32_BIT_CONVERSION = YES;
				GCC_WARN_ABOUT_RETURN_TYPE = YES_ERROR;
				GCC_WARN_UNDECLARED_SELECTOR = YES;
				GCC_WARN_UNINITIALIZED_AUTOS = YES_AGGRESSIVE;
				GCC_WARN_UNUSED_FUNCTION = YES;
				GCC_WARN_UNUSED_VARIABLE = YES;
				IPHONEOS_DEPLOYMENT_TARGET = 7.1;
				SDKROOT = iphoneos;
				VALIDATE_PRODUCT = YES;
			};
			name = Release;
		};
		07EB51FB194A0EAA0031150D /* Debug */ = {
			isa = XCBuildConfiguration;
			buildSettings = {
				ASSETCATALOG_COMPILER_APPICON_NAME = AppIcon;
				ASSETCATALOG_COMPILER_LAUNCHIMAGE_NAME = LaunchImage;
				CODE_SIGN_IDENTITY = "iPhone Developer: David Regatos Gomez (KSRSGZ42UK)";
				"CODE_SIGN_IDENTITY[sdk=iphoneos*]" = "iPhone Developer: David Regatos Gomez (KSRSGZ42UK)";
				GCC_PRECOMPILE_PREFIX_HEADER = YES;
				GCC_PREFIX_HEADER = "tapr/tapr-Prefix.pch";
				INFOPLIST_FILE = tapr/tapr_Dev.plist;
				IPHONEOS_DEPLOYMENT_TARGET = 7.0;
				PRODUCT_NAME = "$(TARGET_NAME)";
				PROVISIONING_PROFILE = "7197609E-6BF5-4A6B-80FE-9E6181707FA9";
				WRAPPER_EXTENSION = app;
			};
			name = Debug;
		};
		07EB51FC194A0EAA0031150D /* Release */ = {
			isa = XCBuildConfiguration;
			buildSettings = {
				ASSETCATALOG_COMPILER_APPICON_NAME = AppIcon;
				ASSETCATALOG_COMPILER_LAUNCHIMAGE_NAME = LaunchImage;
				CODE_SIGN_IDENTITY = "iPhone Distribution: ByteFly, Inc. (2NJB457542)";
				"CODE_SIGN_IDENTITY[sdk=iphoneos*]" = "iPhone Distribution: ByteFly, Inc. (2NJB457542)";
				GCC_PRECOMPILE_PREFIX_HEADER = YES;
				GCC_PREFIX_HEADER = "tapr/tapr-Prefix.pch";
				GCC_PREPROCESSOR_DEFINITIONS = "DEBUG=0";
				INFOPLIST_FILE = tapr/tapr_Dist.plist;
				IPHONEOS_DEPLOYMENT_TARGET = 7.0;
				PRODUCT_NAME = "$(TARGET_NAME)";
				PROVISIONING_PROFILE = "AB4EB495-E56C-4237-B044-2CE55E09DA87";
				WRAPPER_EXTENSION = app;
			};
			name = Release;
		};
		07EB51FE194A0EAA0031150D /* Debug */ = {
			isa = XCBuildConfiguration;
			buildSettings = {
				BUNDLE_LOADER = "$(BUILT_PRODUCTS_DIR)/tapr.app/tapr";
				FRAMEWORK_SEARCH_PATHS = (
					"$(SDKROOT)/Developer/Library/Frameworks",
					"$(inherited)",
					"$(DEVELOPER_FRAMEWORKS_DIR)",
				);
				GCC_PRECOMPILE_PREFIX_HEADER = YES;
				GCC_PREFIX_HEADER = "tapr/tapr-Prefix.pch";
				GCC_PREPROCESSOR_DEFINITIONS = (
					"DEBUG=1",
					"$(inherited)",
				);
				INFOPLIST_FILE = "taprTests/taprTests-Info.plist";
				PRODUCT_NAME = "$(TARGET_NAME)";
				TEST_HOST = "$(BUNDLE_LOADER)";
				WRAPPER_EXTENSION = xctest;
			};
			name = Debug;
		};
		07EB51FF194A0EAA0031150D /* Release */ = {
			isa = XCBuildConfiguration;
			buildSettings = {
				BUNDLE_LOADER = "$(BUILT_PRODUCTS_DIR)/tapr.app/tapr";
				FRAMEWORK_SEARCH_PATHS = (
					"$(SDKROOT)/Developer/Library/Frameworks",
					"$(inherited)",
					"$(DEVELOPER_FRAMEWORKS_DIR)",
				);
				GCC_PRECOMPILE_PREFIX_HEADER = YES;
				GCC_PREFIX_HEADER = "tapr/tapr-Prefix.pch";
				INFOPLIST_FILE = "taprTests/taprTests-Info.plist";
				PRODUCT_NAME = "$(TARGET_NAME)";
				TEST_HOST = "$(BUNDLE_LOADER)";
				WRAPPER_EXTENSION = xctest;
			};
			name = Release;
		};
/* End XCBuildConfiguration section */

/* Begin XCConfigurationList section */
		07EB51C3194A0EAA0031150D /* Build configuration list for PBXProject "tapr" */ = {
			isa = XCConfigurationList;
			buildConfigurations = (
				07EB51F8194A0EAA0031150D /* Debug */,
				07EB51F9194A0EAA0031150D /* Release */,
			);
			defaultConfigurationIsVisible = 0;
			defaultConfigurationName = Release;
		};
		07EB51FA194A0EAA0031150D /* Build configuration list for PBXNativeTarget "tapr" */ = {
			isa = XCConfigurationList;
			buildConfigurations = (
				07EB51FB194A0EAA0031150D /* Debug */,
				07EB51FC194A0EAA0031150D /* Release */,
			);
			defaultConfigurationIsVisible = 0;
			defaultConfigurationName = Release;
		};
		07EB51FD194A0EAA0031150D /* Build configuration list for PBXNativeTarget "taprTests" */ = {
			isa = XCConfigurationList;
			buildConfigurations = (
				07EB51FE194A0EAA0031150D /* Debug */,
				07EB51FF194A0EAA0031150D /* Release */,
			);
			defaultConfigurationIsVisible = 0;
			defaultConfigurationName = Release;
		};
/* End XCConfigurationList section */
	};
	rootObject = 07EB51C0194A0EAA0031150D /* Project object */;
}
